{
  "name": "lbp",
  "version": "0.0.0",
  "lockfileVersion": 1,
  "requires": true,
  "dependencies": {
    "element-theme-chalk": {
      "version": "2.4.0",
      "resolved": "https://registry.npmjs.org/element-theme-chalk/-/element-theme-chalk-2.4.0.tgz",
      "integrity": "sha512-x2B3dnoJzcYHH2i4Z/0Y1ydRKmDjB2K6RRtZnkMfeJuVBYdN1m5ztGF5BVOzl0uSvejsX76nemv97+e6+4UOSQ==",
      "dev": true
    }
  }
}
